
Microsoft Visual Studio Solution File, Format Version 12.00
# Visual Studio Version 17
VisualStudioVersion = 17.6.33829.357
MinimumVisualStudioVersion = 10.0.40219.1
Project("{F184B08F-C81C-45F6-A57F-5ABD9991F28F}") = "Resepsionis", "Resepsionis\Resepsionis.vbproj", "{8A968364-D45B-4F4D-A196-8BD4A46EA17E}"
EndProject
Global
	GlobalSection(SolutionConfigurationPlatforms) = preSolution
		Debug|Any CPU = Debug|Any CPU
		Release|Any CPU = Release|Any CPU
	EndGlobalSection
	GlobalSection(ProjectConfigurationPlatforms) = postSolution
		{8A968364-D45B-4F4D-A196-8BD4A46EA17E}.Debug|Any CPU.ActiveCfg = Debug|Any CPU
		{8A968364-D45B-4F4D-A196-8BD4A46EA17E}.Debug|Any CPU.Build.0 = Debug|Any CPU
		{8A968364-D45B-4F4D-A196-8BD4A46EA17E}.Release|Any CPU.ActiveCfg = Release|Any CPU
		{8A968364-D45B-4F4D-A196-8BD4A46EA17E}.Release|Any CPU.Build.0 = Release|Any CPU
	EndGlobalSection
	GlobalSection(SolutionProperties) = preSolution
		HideSolutionNode = FALSE
	EndGlobalSection
	GlobalSection(ExtensibilityGlobals) = postSolution
		SolutionGuid = {3AEDAA47-FE59-4C52-B4BC-F21F3515FF58}
	EndGlobalSection
EndGlobal
